{
  "name": "node-12306",
  "version": "0.0.1",
  "lockfileVersion": 3,
  "requires": true,
  "packages": {
    "": {
      "name": "node-12306",
      "version": "0.0.1",
      "license": "MIT",
      "dependencies": {
        "tiny-network": "latest"
      }
    },
    "node_modules/tiny-network": {
      "version": "0.0.6",
      "resolved": "https://registry.npmjs.org/tiny-network/-/tiny-network-0.0.6.tgz",
      "integrity": "sha512-fYNn6nnbKZFch5nd1aWtwVwJG7zJc5dcyypKx1PgJvv1EFr/tUhQPSFx5Tw6lKTVqemxZystG8mkbQuu/P/R5g==",
      "license": "MIT"
    }
  }
}
