# THIS IS AN AUTOGENERATED FILE. DO NOT EDIT THIS FILE DIRECTLY.
# yarn lockfile v1


tiny-network@^0.0.2:
  version "0.0.2"
  resolved "https://registry.yarnpkg.com/tiny-network/-/tiny-network-0.0.2.tgz#1b5149557436b2ceeeaa35a0c41baf1ef369336f"
  integrity sha512-+M/zaCL+FyksHzRkk0BkZx3Jc4mgUh1lktj46cNK9fn4OBf3RltCT4SPgGSWCBGOVtMyz3phFF61GL86EQs8lg==
