# THIS IS AN AUTOGENERATED FILE. DO NOT EDIT THIS FILE DIRECTLY.
# yarn lockfile v1


tiny-network@latest:
  version "0.0.6"
  resolved "https://registry.yarnpkg.com/tiny-network/-/tiny-network-0.0.6.tgz#f67658f8bbdf8ee45bf767a7a4471aca85430dc5"
  integrity sha512-fYNn6nnbKZFch5nd1aWtwVwJG7zJc5dcyypKx1PgJvv1EFr/tUhQPSFx5Tw6lKTVqemxZystG8mkbQuu/P/R5g==
